
Microsoft Visual Studio Solution File, Format Version 12.00
# Visual Studio 15
VisualStudioVersion = 15.0.28307.136
MinimumVisualStudioVersion = 10.0.40219.1
Project("{FAE04EC0-301F-11D3-BF4B-00C04F79EFBC}") = "RaceDayAPI", "RaceDayAPI\RaceDayAPI.csproj", "{89C86461-030B-4E53-AFDE-FC3CE16E2236}"
EndProject
Global
	GlobalSection(SolutionConfigurationPlatforms) = preSolution
		Debug|Any CPU = Debug|Any CPU
		Release|Any CPU = Release|Any CPU
	EndGlobalSection
	GlobalSection(ProjectConfigurationPlatforms) = postSolution
		{89C86461-030B-4E53-AFDE-FC3CE16E2236}.Debug|Any CPU.ActiveCfg = Debug|Any CPU
		{89C86461-030B-4E53-AFDE-FC3CE16E2236}.Debug|Any CPU.Build.0 = Debug|Any CPU
		{89C86461-030B-4E53-AFDE-FC3CE16E2236}.Release|Any CPU.ActiveCfg = Release|Any CPU
		{89C86461-030B-4E53-AFDE-FC3CE16E2236}.Release|Any CPU.Build.0 = Release|Any CPU
	EndGlobalSection
	GlobalSection(SolutionProperties) = preSolution
		HideSolutionNode = FALSE
	EndGlobalSection
	GlobalSection(ExtensibilityGlobals) = postSolution
		SolutionGuid = {E98C935C-9D08-43C5-8851-606D7A66C7A8}
	EndGlobalSection
EndGlobal
